
Microsoft Visual Studio Solution File, Format Version 12.00
Project("{FAE04EC0-301F-11D3-BF4B-00C04F79EFBC}") = "ScrumMasters.Webshop.Core", "ScrumMasters.Webshop.Core\ScrumMasters.Webshop.Core.csproj", "{CE38C98F-FC8E-4959-8F49-E13D423E9094}"
EndProject
Project("{FAE04EC0-301F-11D3-BF4B-00C04F79EFBC}") = "ScrumMasters.Webshop.Domain", "ScrumMasters.Webshop.Domain\ScrumMasters.Webshop.Domain.csproj", "{2580869D-B968-4BC0-AA76-D503C1C519E0}"
EndProject
Project("{2150E333-8FDC-42A3-9474-1A3956D46DE8}") = "Onion-Core", "Onion-Core", "{C2687014-B9CD-421D-86AC-382989877B90}"
EndProject
Project("{2150E333-8FDC-42A3-9474-1A3956D46DE8}") = "Onion-Core-test", "Onion-Core-test", "{4934A0C6-9FC9-461C-951B-F759FAF7FBC8}"
EndProject
Project("{2150E333-8FDC-42A3-9474-1A3956D46DE8}") = "Onion-Infrastructure", "Onion-Infrastructure", "{B51EA2D3-B734-4CDD-9E57-98ABAB0DCEDB}"
EndProject
Project("{2150E333-8FDC-42A3-9474-1A3956D46DE8}") = "Onion-Infrastructure-Test", "Onion-Infrastructure-Test", "{8624AC54-1F9A-47FF-ABAB-FD9615CFDC87}"
EndProject
Project("{2150E333-8FDC-42A3-9474-1A3956D46DE8}") = "Onion-Presentation", "Onion-Presentation", "{5FE15B51-9C5A-4C95-A779-4737C6E918F4}"
EndProject
Project("{2150E333-8FDC-42A3-9474-1A3956D46DE8}") = "Onion-Presentation-Test", "Onion-Presentation-Test", "{3B1F536D-3A45-478D-A442-1A13701260D5}"
EndProject
Project("{FAE04EC0-301F-11D3-BF4B-00C04F79EFBC}") = "ScrumMasters.Webshop.WebAPI", "ScrumMasters.Webshop.WebAPI\ScrumMasters.Webshop.WebAPI.csproj", "{7DF4A51A-B870-4FE1-BD07-853EAEA05CBD}"
EndProject
Project("{FAE04EC0-301F-11D3-BF4B-00C04F79EFBC}") = "ScrumMasters.WebAPI.Test", "ScrumMasters.WebAPI.Test\ScrumMasters.WebAPI.Test.csproj", "{E58B5F66-647E-403F-9EF2-E92A1B126005}"
EndProject
Project("{FAE04EC0-301F-11D3-BF4B-00C04F79EFBC}") = "ScrumMasters.Webshop.DataAccess", "ScrumMasters.Webshop.DataAccess\ScrumMasters.Webshop.DataAccess.csproj", "{5D8E1C11-A738-4CBC-9520-914F09C0AD9C}"
EndProject
Project("{FAE04EC0-301F-11D3-BF4B-00C04F79EFBC}") = "ScrumMasters.Webshop.Security", "ScrumMasters.Webshop.Security\ScrumMasters.Webshop.Security.csproj", "{7245AC1E-7F3F-4F69-B7D6-627172DF1D54}"
EndProject
Project("{FAE04EC0-301F-11D3-BF4B-00C04F79EFBC}") = "ScrumMasters.Webshop.DataAccess.Test", "ScrumMasters.Webshop.DataAccess.Test\ScrumMasters.Webshop.DataAccess.Test.csproj", "{6940273B-7E64-4F81-8FFF-91B3F847CA30}"
EndProject
Project("{FAE04EC0-301F-11D3-BF4B-00C04F79EFBC}") = "ScrumMasters.Webshop.Domain.Test", "ScrumMasters.Webshop.Domain.Test\ScrumMasters.Webshop.Domain.Test.csproj", "{3635D7A5-D52A-4911-8648-F8B62884EEBE}"
EndProject
Project("{FAE04EC0-301F-11D3-BF4B-00C04F79EFBC}") = "ScrumMasters.Webshop.Core.Test", "ScrumMasters.Webshop.Core.Test\ScrumMasters.Webshop.Core.Test.csproj", "{3512860E-F78A-45EA-8957-79C7EF824B27}"
EndProject
Global
	GlobalSection(SolutionConfigurationPlatforms) = preSolution
		Debug|Any CPU = Debug|Any CPU
		Release|Any CPU = Release|Any CPU
	EndGlobalSection
	GlobalSection(ProjectConfigurationPlatforms) = postSolution
		{CE38C98F-FC8E-4959-8F49-E13D423E9094}.Debug|Any CPU.ActiveCfg = Debug|Any CPU
		{CE38C98F-FC8E-4959-8F49-E13D423E9094}.Debug|Any CPU.Build.0 = Debug|Any CPU
		{CE38C98F-FC8E-4959-8F49-E13D423E9094}.Release|Any CPU.ActiveCfg = Release|Any CPU
		{CE38C98F-FC8E-4959-8F49-E13D423E9094}.Release|Any CPU.Build.0 = Release|Any CPU
		{2580869D-B968-4BC0-AA76-D503C1C519E0}.Debug|Any CPU.ActiveCfg = Debug|Any CPU
		{2580869D-B968-4BC0-AA76-D503C1C519E0}.Debug|Any CPU.Build.0 = Debug|Any CPU
		{2580869D-B968-4BC0-AA76-D503C1C519E0}.Release|Any CPU.ActiveCfg = Release|Any CPU
		{2580869D-B968-4BC0-AA76-D503C1C519E0}.Release|Any CPU.Build.0 = Release|Any CPU
		{7DF4A51A-B870-4FE1-BD07-853EAEA05CBD}.Debug|Any CPU.ActiveCfg = Debug|Any CPU
		{7DF4A51A-B870-4FE1-BD07-853EAEA05CBD}.Debug|Any CPU.Build.0 = Debug|Any CPU
		{7DF4A51A-B870-4FE1-BD07-853EAEA05CBD}.Release|Any CPU.ActiveCfg = Release|Any CPU
		{7DF4A51A-B870-4FE1-BD07-853EAEA05CBD}.Release|Any CPU.Build.0 = Release|Any CPU
		{E58B5F66-647E-403F-9EF2-E92A1B126005}.Debug|Any CPU.ActiveCfg = Debug|Any CPU
		{E58B5F66-647E-403F-9EF2-E92A1B126005}.Debug|Any CPU.Build.0 = Debug|Any CPU
		{E58B5F66-647E-403F-9EF2-E92A1B126005}.Release|Any CPU.ActiveCfg = Release|Any CPU
		{E58B5F66-647E-403F-9EF2-E92A1B126005}.Release|Any CPU.Build.0 = Release|Any CPU
		{5D8E1C11-A738-4CBC-9520-914F09C0AD9C}.Debug|Any CPU.ActiveCfg = Debug|Any CPU
		{5D8E1C11-A738-4CBC-9520-914F09C0AD9C}.Debug|Any CPU.Build.0 = Debug|Any CPU
		{5D8E1C11-A738-4CBC-9520-914F09C0AD9C}.Release|Any CPU.ActiveCfg = Release|Any CPU
		{5D8E1C11-A738-4CBC-9520-914F09C0AD9C}.Release|Any CPU.Build.0 = Release|Any CPU
		{7245AC1E-7F3F-4F69-B7D6-627172DF1D54}.Debug|Any CPU.ActiveCfg = Debug|Any CPU
		{7245AC1E-7F3F-4F69-B7D6-627172DF1D54}.Debug|Any CPU.Build.0 = Debug|Any CPU
		{7245AC1E-7F3F-4F69-B7D6-627172DF1D54}.Release|Any CPU.ActiveCfg = Release|Any CPU
		{7245AC1E-7F3F-4F69-B7D6-627172DF1D54}.Release|Any CPU.Build.0 = Release|Any CPU
		{6940273B-7E64-4F81-8FFF-91B3F847CA30}.Debug|Any CPU.ActiveCfg = Debug|Any CPU
		{6940273B-7E64-4F81-8FFF-91B3F847CA30}.Debug|Any CPU.Build.0 = Debug|Any CPU
		{6940273B-7E64-4F81-8FFF-91B3F847CA30}.Release|Any CPU.ActiveCfg = Release|Any CPU
		{6940273B-7E64-4F81-8FFF-91B3F847CA30}.Release|Any CPU.Build.0 = Release|Any CPU
		{3635D7A5-D52A-4911-8648-F8B62884EEBE}.Debug|Any CPU.ActiveCfg = Debug|Any CPU
		{3635D7A5-D52A-4911-8648-F8B62884EEBE}.Debug|Any CPU.Build.0 = Debug|Any CPU
		{3635D7A5-D52A-4911-8648-F8B62884EEBE}.Release|Any CPU.ActiveCfg = Release|Any CPU
		{3635D7A5-D52A-4911-8648-F8B62884EEBE}.Release|Any CPU.Build.0 = Release|Any CPU
		{3512860E-F78A-45EA-8957-79C7EF824B27}.Debug|Any CPU.ActiveCfg = Debug|Any CPU
		{3512860E-F78A-45EA-8957-79C7EF824B27}.Debug|Any CPU.Build.0 = Debug|Any CPU
		{3512860E-F78A-45EA-8957-79C7EF824B27}.Release|Any CPU.ActiveCfg = Release|Any CPU
		{3512860E-F78A-45EA-8957-79C7EF824B27}.Release|Any CPU.Build.0 = Release|Any CPU
	EndGlobalSection
	GlobalSection(NestedProjects) = preSolution
		{CE38C98F-FC8E-4959-8F49-E13D423E9094} = {C2687014-B9CD-421D-86AC-382989877B90}
		{2580869D-B968-4BC0-AA76-D503C1C519E0} = {C2687014-B9CD-421D-86AC-382989877B90}
		{7DF4A51A-B870-4FE1-BD07-853EAEA05CBD} = {5FE15B51-9C5A-4C95-A779-4737C6E918F4}
		{E58B5F66-647E-403F-9EF2-E92A1B126005} = {3B1F536D-3A45-478D-A442-1A13701260D5}
		{5D8E1C11-A738-4CBC-9520-914F09C0AD9C} = {B51EA2D3-B734-4CDD-9E57-98ABAB0DCEDB}
		{7245AC1E-7F3F-4F69-B7D6-627172DF1D54} = {B51EA2D3-B734-4CDD-9E57-98ABAB0DCEDB}
		{6940273B-7E64-4F81-8FFF-91B3F847CA30} = {8624AC54-1F9A-47FF-ABAB-FD9615CFDC87}
		{3635D7A5-D52A-4911-8648-F8B62884EEBE} = {4934A0C6-9FC9-461C-951B-F759FAF7FBC8}
		{3512860E-F78A-45EA-8957-79C7EF824B27} = {4934A0C6-9FC9-461C-951B-F759FAF7FBC8}
	EndGlobalSection
EndGlobal
